// !$*UTF8*$!
{
	archiveVersion = 1;
	classes = {
	};
	objectVersion = 48;
	objects = {

/* Begin PBXBuildFile section */
		AF4A04C120426E6B00186DCD /* main.m in Sources */ = {isa = PBXBuildFile; fileRef = AF4A04C020426E6B00186DCD /* main.m */; };
		AF4A04CA2043337600186DCD /* IsUnique.m in Sources */ = {isa = PBXBuildFile; fileRef = AF4A04C92043337600186DCD /* IsUnique.m */; };
		AF4A04CD2043350000186DCD /* CheckPermutation.m in Sources */ = {isa = PBXBuildFile; fileRef = AF4A04CC2043350000186DCD /* CheckPermutation.m */; };
		AF4A04D0204396B700186DCD /* URLify.m in Sources */ = {isa = PBXBuildFile; fileRef = AF4A04CF204396B700186DCD /* URLify.m */; };
/* End PBXBuildFile section */

/* Begin PBXCopyFilesBuildPhase section */
		AF4A04BB20426E6B00186DCD /* CopyFiles */ = {
			isa = PBXCopyFilesBuildPhase;
			buildActionMask = 2147483647;
			dstPath = /usr/share/man/man1/;
			dstSubfolderSpec = 0;
			files = (
			);
			runOnlyForDeploymentPostprocessing = 1;
		};
/* End PBXCopyFilesBuildPhase section */

/* Begin PBXFileReference section */
		AF4A04BD20426E6B00186DCD /* CtCI-objective-c */ = {isa = PBXFileReference; explicitFileType = "compiled.mach-o.executable"; includeInIndex = 0; path = "CtCI-objective-c"; sourceTree = BUILT_PRODUCTS_DIR; };
		AF4A04C020426E6B00186DCD /* main.m */ = {isa = PBXFileReference; lastKnownFileType = sourcecode.c.objc; path = main.m; sourceTree = "<group>"; };
		AF4A04C82043337600186DCD /* IsUnique.h */ = {isa = PBXFileReference; lastKnownFileType = sourcecode.c.h; path = IsUnique.h; sourceTree = "<group>"; };
		AF4A04C92043337600186DCD /* IsUnique.m */ = {isa = PBXFileReference; lastKnownFileType = sourcecode.c.objc; path = IsUnique.m; sourceTree = "<group>"; };
		AF4A04CB2043350000186DCD /* CheckPermutation.h */ = {isa = PBXFileReference; lastKnownFileType = sourcecode.c.h; path = CheckPermutation.h; sourceTree = "<group>"; };
		AF4A04CC2043350000186DCD /* CheckPermutation.m */ = {isa = PBXFileReference; lastKnownFileType = sourcecode.c.objc; path = CheckPermutation.m; sourceTree = "<group>"; };
		AF4A04CE204396B700186DCD /* URLify.h */ = {isa = PBXFileReference; lastKnownFileType = sourcecode.c.h; path = URLify.h; sourceTree = "<group>"; };
		AF4A04CF204396B700186DCD /* URLify.m */ = {isa = PBXFileReference; lastKnownFileType = sourcecode.c.objc; path = URLify.m; sourceTree = "<group>"; };
/* End PBXFileReference section */

/* Begin PBXFrameworksBuildPhase section */
		AF4A04BA20426E6B00186DCD /* Frameworks */ = {
			isa = PBXFrameworksBuildPhase;
			buildActionMask = 2147483647;
			files = (
			);
			runOnlyForDeploymentPostprocessing = 0;
		};
/* End PBXFrameworksBuildPhase section */

/* Begin PBXGroup section */
		AF4A04B420426E6B00186DCD = {
			isa = PBXGroup;
			children = (
				AF4A04BF20426E6B00186DCD /* CtCI-objective-c */,
				AF4A04BE20426E6B00186DCD /* Products */,
			);
			sourceTree = "<group>";
		};
		AF4A04BE20426E6B00186DCD /* Products */ = {
			isa = PBXGroup;
			children = (
				AF4A04BD20426E6B00186DCD /* CtCI-objective-c */,
			);
			name = Products;
			sourceTree = "<group>";
		};
		AF4A04BF20426E6B00186DCD /* CtCI-objective-c */ = {
			isa = PBXGroup;
			children = (
				AF4A04C72043335C00186DCD /* arrays_strings */,
				AF4A04C020426E6B00186DCD /* main.m */,
			);
			path = "CtCI-objective-c";
			sourceTree = "<group>";
		};
		AF4A04C72043335C00186DCD /* arrays_strings */ = {
			isa = PBXGroup;
			children = (
				AF4A04C82043337600186DCD /* IsUnique.h */,
				AF4A04C92043337600186DCD /* IsUnique.m */,
				AF4A04CB2043350000186DCD /* CheckPermutation.h */,
				AF4A04CC2043350000186DCD /* CheckPermutation.m */,
				AF4A04CE204396B700186DCD /* URLify.h */,
				AF4A04CF204396B700186DCD /* URLify.m */,
			);
			path = arrays_strings;
			sourceTree = "<group>";
		};
/* End PBXGroup section */

/* Begin PBXNativeTarget section */
		AF4A04BC20426E6B00186DCD /* CtCI-objective-c */ = {
			isa = PBXNativeTarget;
			buildConfigurationList = AF4A04C420426E6B00186DCD /* Build configuration list for PBXNativeTarget "CtCI-objective-c" */;
			buildPhases = (
				AF4A04B920426E6B00186DCD /* Sources */,
				AF4A04BA20426E6B00186DCD /* Frameworks */,
				AF4A04BB20426E6B00186DCD /* CopyFiles */,
			);
			buildRules = (
			);
			dependencies = (
			);
			name = "CtCI-objective-c";
			productName = "CtCI-objective-c";
			productReference = AF4A04BD20426E6B00186DCD /* CtCI-objective-c */;
			productType = "com.apple.product-type.tool";
		};
/* End PBXNativeTarget section */

/* Begin PBXProject section */
		AF4A04B520426E6B00186DCD /* Project object */ = {
			isa = PBXProject;
			attributes = {
				LastUpgradeCheck = 0920;
				ORGANIZATIONNAME = "Chengzhi Jia";
				TargetAttributes = {
					AF4A04BC20426E6B00186DCD = {
						CreatedOnToolsVersion = 9.2;
						ProvisioningStyle = Automatic;
					};
				};
			};
			buildConfigurationList = AF4A04B820426E6B00186DCD /* Build configuration list for PBXProject "CtCI-objective-c" */;
			compatibilityVersion = "Xcode 8.0";
			developmentRegion = en;
			hasScannedForEncodings = 0;
			knownRegions = (
				en,
			);
			mainGroup = AF4A04B420426E6B00186DCD;
			productRefGroup = AF4A04BE20426E6B00186DCD /* Products */;
			projectDirPath = "";
			projectRoot = "";
			targets = (
				AF4A04BC20426E6B00186DCD /* CtCI-objective-c */,
			);
		};
/* End PBXProject section */

/* Begin PBXSourcesBuildPhase section */
		AF4A04B920426E6B00186DCD /* Sources */ = {
			isa = PBXSourcesBuildPhase;
			buildActionMask = 2147483647;
			files = (
				AF4A04CA2043337600186DCD /* IsUnique.m in Sources */,
				AF4A04CD2043350000186DCD /* CheckPermutation.m in Sources */,
				AF4A04D0204396B700186DCD /* URLify.m in Sources */,
				AF4A04C120426E6B00186DCD /* main.m in Sources */,
			);
			runOnlyForDeploymentPostprocessing = 0;
		};
/* End PBXSourcesBuildPhase section */

/* Begin XCBuildConfiguration section */
		AF4A04C220426E6B00186DCD /* Debug */ = {
			isa = XCBuildConfiguration;
			buildSettings = {
				ALWAYS_SEARCH_USER_PATHS = NO;
				CLANG_ANALYZER_NONNULL = YES;
				CLANG_ANALYZER_NUMBER_OBJECT_CONVERSION = YES_AGGRESSIVE;
				CLANG_CXX_LANGUAGE_STANDARD = "gnu++14";
				CLANG_CXX_LIBRARY = "libc++";
				CLANG_ENABLE_MODULES = YES;
				CLANG_ENABLE_OBJC_ARC = YES;
				CLANG_WARN_BLOCK_CAPTURE_AUTORELEASING = YES;
				CLANG_WARN_BOOL_CONVERSION = YES;
				CLANG_WARN_COMMA = YES;
				CLANG_WARN_CONSTANT_CONVERSION = YES;
				CLANG_WARN_DIRECT_OBJC_ISA_USAGE = YES_ERROR;
				CLANG_WARN_DOCUMENTATION_COMMENTS = YES;
				CLANG_WARN_EMPTY_BODY = YES;
				CLANG_WARN_ENUM_CONVERSION = YES;
				CLANG_WARN_INFINITE_RECURSION = YES;
				CLANG_WARN_INT_CONVERSION = YES;
				CLANG_WARN_NON_LITERAL_NULL_CONVERSION = YES;
				CLANG_WARN_OBJC_LITERAL_CONVERSION = YES;
				CLANG_WARN_OBJC_ROOT_CLASS = YES_ERROR;
				CLANG_WARN_RANGE_LOOP_ANALYSIS = YES;
				CLANG_WARN_STRICT_PROTOTYPES = YES;
				CLANG_WARN_SUSPICIOUS_MOVE = YES;
				CLANG_WARN_UNGUARDED_AVAILABILITY = YES_AGGRESSIVE;
				CLANG_WARN_UNREACHABLE_CODE = YES;
				CLANG_WARN__DUPLICATE_METHOD_MATCH = YES;
				CODE_SIGN_IDENTITY = "Mac Developer";
				COPY_PHASE_STRIP = NO;
				DEBUG_INFORMATION_FORMAT = dwarf;
				ENABLE_STRICT_OBJC_MSGSEND = YES;
				ENABLE_TESTABILITY = YES;
				GCC_C_LANGUAGE_STANDARD = gnu11;
				GCC_DYNAMIC_NO_PIC = NO;
				GCC_NO_COMMON_BLOCKS = YES;
				GCC_OPTIMIZATION_LEVEL = 0;
				GCC_PREPROCESSOR_DEFINITIONS = (
					"DEBUG=1",
					"$(inherited)",
				);
				GCC_WARN_64_TO_32_BIT_CONVERSION = YES;
				GCC_WARN_ABOUT_RETURN_TYPE = YES_ERROR;
				GCC_WARN_UNDECLARED_SELECTOR = YES;
				GCC_WARN_UNINITIALIZED_AUTOS = YES_AGGRESSIVE;
				GCC_WARN_UNUSED_FUNCTION = YES;
				GCC_WARN_UNUSED_VARIABLE = YES;
				MACOSX_DEPLOYMENT_TARGET = 10.13;
				MTL_ENABLE_DEBUG_INFO = YES;
				ONLY_ACTIVE_ARCH = YES;
				SDKROOT = macosx;
			};
			name = Debug;
		};
		AF4A04C320426E6B00186DCD /* Release */ = {
			isa = XCBuildConfiguration;
			buildSettings = {
				ALWAYS_SEARCH_USER_PATHS = NO;
				CLANG_ANALYZER_NONNULL = YES;
				CLANG_ANALYZER_NUMBER_OBJECT_CONVERSION = YES_AGGRESSIVE;
				CLANG_CXX_LANGUAGE_STANDARD = "gnu++14";
				CLANG_CXX_LIBRARY = "libc++";
				CLANG_ENABLE_MODULES = YES;
				CLANG_ENABLE_OBJC_ARC = YES;
				CLANG_WARN_BLOCK_CAPTURE_AUTORELEASING = YES;
				CLANG_WARN_BOOL_CONVERSION = YES;
				CLANG_WARN_COMMA = YES;
				CLANG_WARN_CONSTANT_CONVERSION = YES;
				CLANG_WARN_DIRECT_OBJC_ISA_USAGE = YES_ERROR;
				CLANG_WARN_DOCUMENTATION_COMMENTS = YES;
				CLANG_WARN_EMPTY_BODY = YES;
				CLANG_WARN_ENUM_CONVERSION = YES;
				CLANG_WARN_INFINITE_RECURSION = YES;
				CLANG_WARN_INT_CONVERSION = YES;
				CLANG_WARN_NON_LITERAL_NULL_CONVERSION = YES;
				CLANG_WARN_OBJC_LITERAL_CONVERSION = YES;
				CLANG_WARN_OBJC_ROOT_CLASS = YES_ERROR;
				CLANG_WARN_RANGE_LOOP_ANALYSIS = YES;
				CLANG_WARN_STRICT_PROTOTYPES = YES;
				CLANG_WARN_SUSPICIOUS_MOVE = YES;
				CLANG_WARN_UNGUARDED_AVAILABILITY = YES_AGGRESSIVE;
				CLANG_WARN_UNREACHABLE_CODE = YES;
				CLANG_WARN__DUPLICATE_METHOD_MATCH = YES;
				CODE_SIGN_IDENTITY = "Mac Developer";
				COPY_PHASE_STRIP = NO;
				DEBUG_INFORMATION_FORMAT = "dwarf-with-dsym";
				ENABLE_NS_ASSERTIONS = NO;
				ENABLE_STRICT_OBJC_MSGSEND = YES;
				GCC_C_LANGUAGE_STANDARD = gnu11;
				GCC_NO_COMMON_BLOCKS = YES;
				GCC_WARN_64_TO_32_BIT_CONVERSION = YES;
				GCC_WARN_ABOUT_RETURN_TYPE = YES_ERROR;
				GCC_WARN_UNDECLARED_SELECTOR = YES;
				GCC_WARN_UNINITIALIZED_AUTOS = YES_AGGRESSIVE;
				GCC_WARN_UNUSED_FUNCTION = YES;
				GCC_WARN_UNUSED_VARIABLE = YES;
				MACOSX_DEPLOYMENT_TARGET = 10.13;
				MTL_ENABLE_DEBUG_INFO = NO;
				SDKROOT = macosx;
			};
			name = Release;
		};
		AF4A04C520426E6B00186DCD /* Debug */ = {
			isa = XCBuildConfiguration;
			buildSettings = {
				CODE_SIGN_STYLE = Automatic;
				DEVELOPMENT_TEAM = 78A73LK6Q3;
				PRODUCT_NAME = "$(TARGET_NAME)";
			};
			name = Debug;
		};
		AF4A04C620426E6B00186DCD /* Release */ = {
			isa = XCBuildConfiguration;
			buildSettings = {
				CODE_SIGN_STYLE = Automatic;
				DEVELOPMENT_TEAM = 78A73LK6Q3;
				PRODUCT_NAME = "$(TARGET_NAME)";
			};
			name = Release;
		};
/* End XCBuildConfiguration section */

/* Begin XCConfigurationList section */
		AF4A04B820426E6B00186DCD /* Build configuration list for PBXProject "CtCI-objective-c" */ = {
			isa = XCConfigurationList;
			buildConfigurations = (
				AF4A04C220426E6B00186DCD /* Debug */,
				AF4A04C320426E6B00186DCD /* Release */,
			);
			defaultConfigurationIsVisible = 0;
			defaultConfigurationName = Release;
		};
		AF4A04C420426E6B00186DCD /* Build configuration list for PBXNativeTarget "CtCI-objective-c" */ = {
			isa = XCConfigurationList;
			buildConfigurations = (
				AF4A04C520426E6B00186DCD /* Debug */,
				AF4A04C620426E6B00186DCD /* Release */,
			);
			defaultConfigurationIsVisible = 0;
			defaultConfigurationName = Release;
		};
/* End XCConfigurationList section */
	};
	rootObject = AF4A04B520426E6B00186DCD /* Project object */;
}
